
Microsoft Visual Studio Solution File, Format Version 12.00
# Visual Studio Version 16
VisualStudioVersion = 16.0.31702.278
MinimumVisualStudioVersion = 10.0.40219.1
Project("{FAE04EC0-301F-11D3-BF4B-00C04F79EFBC}") = "ProAppModule1", "ProAppModule1\ProAppModule1.csproj", "{CADA8883-89AA-4EA5-BF65-22ED9257D32B}"
EndProject
Global
	GlobalSection(SolutionConfigurationPlatforms) = preSolution
		Debug|Any CPU = Debug|Any CPU
		Release|Any CPU = Release|Any CPU
	EndGlobalSection
	GlobalSection(ProjectConfigurationPlatforms) = postSolution
		{CADA8883-89AA-4EA5-BF65-22ED9257D32B}.Debug|Any CPU.ActiveCfg = Debug|Any CPU
		{CADA8883-89AA-4EA5-BF65-22ED9257D32B}.Debug|Any CPU.Build.0 = Debug|Any CPU
		{CADA8883-89AA-4EA5-BF65-22ED9257D32B}.Release|Any CPU.ActiveCfg = Release|Any CPU
		{CADA8883-89AA-4EA5-BF65-22ED9257D32B}.Release|Any CPU.Build.0 = Release|Any CPU
	EndGlobalSection
	GlobalSection(SolutionProperties) = preSolution
		HideSolutionNode = FALSE
	EndGlobalSection
	GlobalSection(ExtensibilityGlobals) = postSolution
		SolutionGuid = {8F19046B-6BBE-409E-B028-D0E043FA965C}
	EndGlobalSection
EndGlobal
